
Microsoft Visual Studio Solution File, Format Version 12.00
# Visual Studio 15
VisualStudioVersion = 15.0.26430.6
MinimumVisualStudioVersion = 10.0.40219.1
Project("{FAE04EC0-301F-11D3-BF4B-00C04F79EFBC}") = "Termite", "Termite\Termite.csproj", "{FC6036B2-F378-43DA-836E-73BB7284DE51}"
EndProject
Global
	GlobalSection(SolutionConfigurationPlatforms) = preSolution
		Debug|Any CPU = Debug|Any CPU
		Debug|x64 = Debug|x64
		Debug|x86 = Debug|x86
		Release|Any CPU = Release|Any CPU
		Release|x64 = Release|x64
		Release|x86 = Release|x86
	EndGlobalSection
	GlobalSection(ProjectConfigurationPlatforms) = postSolution
		{FC6036B2-F378-43DA-836E-73BB7284DE51}.Debug|Any CPU.ActiveCfg = Debug|Any CPU
		{FC6036B2-F378-43DA-836E-73BB7284DE51}.Debug|Any CPU.Build.0 = Debug|Any CPU
		{FC6036B2-F378-43DA-836E-73BB7284DE51}.Debug|x64.ActiveCfg = Debug|Any CPU
		{FC6036B2-F378-43DA-836E-73BB7284DE51}.Debug|x64.Build.0 = Debug|Any CPU
		{FC6036B2-F378-43DA-836E-73BB7284DE51}.Debug|x86.ActiveCfg = Debug|Any CPU
		{FC6036B2-F378-43DA-836E-73BB7284DE51}.Debug|x86.Build.0 = Debug|Any CPU
		{FC6036B2-F378-43DA-836E-73BB7284DE51}.Release|Any CPU.ActiveCfg = Release|Any CPU
		{FC6036B2-F378-43DA-836E-73BB7284DE51}.Release|Any CPU.Build.0 = Release|Any CPU
		{FC6036B2-F378-43DA-836E-73BB7284DE51}.Release|x64.ActiveCfg = Release|Any CPU
		{FC6036B2-F378-43DA-836E-73BB7284DE51}.Release|x64.Build.0 = Release|Any CPU
		{FC6036B2-F378-43DA-836E-73BB7284DE51}.Release|x86.ActiveCfg = Release|Any CPU
		{FC6036B2-F378-43DA-836E-73BB7284DE51}.Release|x86.Build.0 = Release|Any CPU
	EndGlobalSection
	GlobalSection(SolutionProperties) = preSolution
		HideSolutionNode = FALSE
	EndGlobalSection
EndGlobal
